
Microsoft Visual Studio Solution File, Format Version 12.00
# Visual Studio Version 17
VisualStudioVersion = 17.5.33530.505
MinimumVisualStudioVersion = 10.0.40219.1
Project("{2150E333-8FDC-42A3-9474-1A3956D46DE8}") = "Chapter1", "Chapter1", "{0C4F1396-F4F6-424F-88F8-3D63A33E8F1F}"
EndProject
Project("{2150E333-8FDC-42A3-9474-1A3956D46DE8}") = "Chapter2", "Chapter2", "{72DC1BF9-DCE3-4E6B-A8E1-5AE6F7796464}"
EndProject
Project("{FAE04EC0-301F-11D3-BF4B-00C04F79EFBC}") = "Recipe1", "Chapter1\Recipe1\Recipe1.csproj", "{4493EBD3-433B-4DCC-9DFE-A4F75A65569F}"
EndProject
Project("{FAE04EC0-301F-11D3-BF4B-00C04F79EFBC}") = "Recipe2", "Chapter1\Recipe2\Recipe2.csproj", "{F97F528A-F042-4C48-BEC7-864D3446D39D}"
EndProject
Project("{FAE04EC0-301F-11D3-BF4B-00C04F79EFBC}") = "Recipe3", "Chapter1\Recipe3\Recipe3.csproj", "{6912A0D5-63E9-48E2-8A80-11502E64ECC0}"
EndProject
Project("{FAE04EC0-301F-11D3-BF4B-00C04F79EFBC}") = "Recipe4", "Chapter1\Recipe4\Recipe4.csproj", "{9CBA9AA2-72F0-4593-A83D-EF9B2D531BE2}"
EndProject
Project("{FAE04EC0-301F-11D3-BF4B-00C04F79EFBC}") = "Recipe5", "Chapter1\Recipe5\Recipe5.csproj", "{07D12212-ED20-46BD-A705-92C59A6CD586}"
EndProject
Project("{FAE04EC0-301F-11D3-BF4B-00C04F79EFBC}") = "Recipe6", "Chapter1\Recipe6\Recipe6.csproj", "{EAC9C93A-DBAE-4776-971D-A7FD1C48317D}"
EndProject
Project("{FAE04EC0-301F-11D3-BF4B-00C04F79EFBC}") = "Recipe7", "Chapter1\Recipe7\Recipe7.csproj", "{883C6629-0ADB-4C53-807F-8A3EF8A5357A}"
EndProject
Project("{FAE04EC0-301F-11D3-BF4B-00C04F79EFBC}") = "Recipe8", "Chapter1\Recipe8\Recipe8.csproj", "{01011655-BA3A-47AB-8D71-6E61C22541A8}"
EndProject
Project("{FAE04EC0-301F-11D3-BF4B-00C04F79EFBC}") = "Recipe9", "Chapter1\Recipe9\Recipe9.csproj", "{EC4318F5-E7D6-479D-9EE6-D240BC45B083}"
EndProject
Project("{FAE04EC0-301F-11D3-BF4B-00C04F79EFBC}") = "Recipe10", "Chapter1\Recipe10\Recipe10.csproj", "{F67C0647-39D3-484E-B273-A7C14F6BA276}"
EndProject
Project("{FAE04EC0-301F-11D3-BF4B-00C04F79EFBC}") = "Recipe1", "Chapter2\Recipe1\Recipe1.csproj", "{B0001B8F-5D2B-44F3-94F6-E1BB471ABC22}"
EndProject
Project("{FAE04EC0-301F-11D3-BF4B-00C04F79EFBC}") = "Recipe11", "Chapter1\Recipe11\Recipe11.csproj", "{9D2BD30B-D8F4-4BEC-9971-223F4461843C}"
EndProject
Project("{FAE04EC0-301F-11D3-BF4B-00C04F79EFBC}") = "Recipe2", "Chapter2\Recipe2\Recipe2.csproj", "{00933968-AEA5-466D-BCF0-8C2641BED3CD}"
EndProject
Project("{FAE04EC0-301F-11D3-BF4B-00C04F79EFBC}") = "Recipe3", "Chapter2\Recipe3\Recipe3.csproj", "{F3AFBC05-B090-4BC5-A56F-6CEA68E13F78}"
EndProject
Project("{FAE04EC0-301F-11D3-BF4B-00C04F79EFBC}") = "Recipe4", "Chapter2\Recipe4\Recipe4.csproj", "{A2EC77C8-9458-4C39-BC2B-B65F88E46D88}"
EndProject
Project("{FAE04EC0-301F-11D3-BF4B-00C04F79EFBC}") = "Recipe5", "Chapter2\Recipe5\Recipe5.csproj", "{1EA28AB7-6E58-4D1E-9445-289B6B36778B}"
EndProject
Project("{FAE04EC0-301F-11D3-BF4B-00C04F79EFBC}") = "Recipe6", "Chapter2\Recipe6\Recipe6.csproj", "{EC6C1893-49DF-4425-87F7-CD6D0D545C74}"
EndProject
Project("{FAE04EC0-301F-11D3-BF4B-00C04F79EFBC}") = "Recipe7", "Chapter2\Recipe7\Recipe7.csproj", "{6ACA8335-CF75-4756-99A3-A66219B64A71}"
EndProject
Project("{FAE04EC0-301F-11D3-BF4B-00C04F79EFBC}") = "Recipe8", "Chapter2\Recipe8\Recipe8.csproj", "{C497A91A-229B-4297-AEE2-0035483B5CFB}"
EndProject
Project("{2150E333-8FDC-42A3-9474-1A3956D46DE8}") = "Chapter3", "Chapter3", "{32EBFDA9-6AA9-4742-89A2-BC688063F90B}"
EndProject
Project("{FAE04EC0-301F-11D3-BF4B-00C04F79EFBC}") = "Recipe9", "Chapter2\Recipe9\Recipe9.csproj", "{C2A12991-5D8A-4F15-9297-4DBA6D1882D2}"
EndProject
Global
	GlobalSection(SolutionConfigurationPlatforms) = preSolution
		Debug|Any CPU = Debug|Any CPU
		Release|Any CPU = Release|Any CPU
	EndGlobalSection
	GlobalSection(ProjectConfigurationPlatforms) = postSolution
		{4493EBD3-433B-4DCC-9DFE-A4F75A65569F}.Debug|Any CPU.ActiveCfg = Debug|Any CPU
		{4493EBD3-433B-4DCC-9DFE-A4F75A65569F}.Debug|Any CPU.Build.0 = Debug|Any CPU
		{4493EBD3-433B-4DCC-9DFE-A4F75A65569F}.Release|Any CPU.ActiveCfg = Release|Any CPU
		{4493EBD3-433B-4DCC-9DFE-A4F75A65569F}.Release|Any CPU.Build.0 = Release|Any CPU
		{F97F528A-F042-4C48-BEC7-864D3446D39D}.Debug|Any CPU.ActiveCfg = Debug|Any CPU
		{F97F528A-F042-4C48-BEC7-864D3446D39D}.Debug|Any CPU.Build.0 = Debug|Any CPU
		{F97F528A-F042-4C48-BEC7-864D3446D39D}.Release|Any CPU.ActiveCfg = Release|Any CPU
		{F97F528A-F042-4C48-BEC7-864D3446D39D}.Release|Any CPU.Build.0 = Release|Any CPU
		{6912A0D5-63E9-48E2-8A80-11502E64ECC0}.Debug|Any CPU.ActiveCfg = Debug|Any CPU
		{6912A0D5-63E9-48E2-8A80-11502E64ECC0}.Debug|Any CPU.Build.0 = Debug|Any CPU
		{6912A0D5-63E9-48E2-8A80-11502E64ECC0}.Release|Any CPU.ActiveCfg = Release|Any CPU
		{6912A0D5-63E9-48E2-8A80-11502E64ECC0}.Release|Any CPU.Build.0 = Release|Any CPU
		{9CBA9AA2-72F0-4593-A83D-EF9B2D531BE2}.Debug|Any CPU.ActiveCfg = Debug|Any CPU
		{9CBA9AA2-72F0-4593-A83D-EF9B2D531BE2}.Debug|Any CPU.Build.0 = Debug|Any CPU
		{9CBA9AA2-72F0-4593-A83D-EF9B2D531BE2}.Release|Any CPU.ActiveCfg = Release|Any CPU
		{9CBA9AA2-72F0-4593-A83D-EF9B2D531BE2}.Release|Any CPU.Build.0 = Release|Any CPU
		{07D12212-ED20-46BD-A705-92C59A6CD586}.Debug|Any CPU.ActiveCfg = Debug|Any CPU
		{07D12212-ED20-46BD-A705-92C59A6CD586}.Debug|Any CPU.Build.0 = Debug|Any CPU
		{07D12212-ED20-46BD-A705-92C59A6CD586}.Release|Any CPU.ActiveCfg = Release|Any CPU
		{07D12212-ED20-46BD-A705-92C59A6CD586}.Release|Any CPU.Build.0 = Release|Any CPU
		{EAC9C93A-DBAE-4776-971D-A7FD1C48317D}.Debug|Any CPU.ActiveCfg = Debug|Any CPU
		{EAC9C93A-DBAE-4776-971D-A7FD1C48317D}.Debug|Any CPU.Build.0 = Debug|Any CPU
		{EAC9C93A-DBAE-4776-971D-A7FD1C48317D}.Release|Any CPU.ActiveCfg = Release|Any CPU
		{EAC9C93A-DBAE-4776-971D-A7FD1C48317D}.Release|Any CPU.Build.0 = Release|Any CPU
		{883C6629-0ADB-4C53-807F-8A3EF8A5357A}.Debug|Any CPU.ActiveCfg = Debug|Any CPU
		{883C6629-0ADB-4C53-807F-8A3EF8A5357A}.Debug|Any CPU.Build.0 = Debug|Any CPU
		{883C6629-0ADB-4C53-807F-8A3EF8A5357A}.Release|Any CPU.ActiveCfg = Release|Any CPU
		{883C6629-0ADB-4C53-807F-8A3EF8A5357A}.Release|Any CPU.Build.0 = Release|Any CPU
		{01011655-BA3A-47AB-8D71-6E61C22541A8}.Debug|Any CPU.ActiveCfg = Debug|Any CPU
		{01011655-BA3A-47AB-8D71-6E61C22541A8}.Debug|Any CPU.Build.0 = Debug|Any CPU
		{01011655-BA3A-47AB-8D71-6E61C22541A8}.Release|Any CPU.ActiveCfg = Release|Any CPU
		{01011655-BA3A-47AB-8D71-6E61C22541A8}.Release|Any CPU.Build.0 = Release|Any CPU
		{EC4318F5-E7D6-479D-9EE6-D240BC45B083}.Debug|Any CPU.ActiveCfg = Debug|Any CPU
		{EC4318F5-E7D6-479D-9EE6-D240BC45B083}.Debug|Any CPU.Build.0 = Debug|Any CPU
		{EC4318F5-E7D6-479D-9EE6-D240BC45B083}.Release|Any CPU.ActiveCfg = Release|Any CPU
		{EC4318F5-E7D6-479D-9EE6-D240BC45B083}.Release|Any CPU.Build.0 = Release|Any CPU
		{F67C0647-39D3-484E-B273-A7C14F6BA276}.Debug|Any CPU.ActiveCfg = Debug|Any CPU
		{F67C0647-39D3-484E-B273-A7C14F6BA276}.Debug|Any CPU.Build.0 = Debug|Any CPU
		{F67C0647-39D3-484E-B273-A7C14F6BA276}.Release|Any CPU.ActiveCfg = Release|Any CPU
		{F67C0647-39D3-484E-B273-A7C14F6BA276}.Release|Any CPU.Build.0 = Release|Any CPU
		{B0001B8F-5D2B-44F3-94F6-E1BB471ABC22}.Debug|Any CPU.ActiveCfg = Debug|Any CPU
		{B0001B8F-5D2B-44F3-94F6-E1BB471ABC22}.Debug|Any CPU.Build.0 = Debug|Any CPU
		{B0001B8F-5D2B-44F3-94F6-E1BB471ABC22}.Release|Any CPU.ActiveCfg = Release|Any CPU
		{B0001B8F-5D2B-44F3-94F6-E1BB471ABC22}.Release|Any CPU.Build.0 = Release|Any CPU
		{9D2BD30B-D8F4-4BEC-9971-223F4461843C}.Debug|Any CPU.ActiveCfg = Debug|Any CPU
		{9D2BD30B-D8F4-4BEC-9971-223F4461843C}.Debug|Any CPU.Build.0 = Debug|Any CPU
		{9D2BD30B-D8F4-4BEC-9971-223F4461843C}.Release|Any CPU.ActiveCfg = Release|Any CPU
		{9D2BD30B-D8F4-4BEC-9971-223F4461843C}.Release|Any CPU.Build.0 = Release|Any CPU
		{00933968-AEA5-466D-BCF0-8C2641BED3CD}.Debug|Any CPU.ActiveCfg = Debug|Any CPU
		{00933968-AEA5-466D-BCF0-8C2641BED3CD}.Debug|Any CPU.Build.0 = Debug|Any CPU
		{00933968-AEA5-466D-BCF0-8C2641BED3CD}.Release|Any CPU.ActiveCfg = Release|Any CPU
		{00933968-AEA5-466D-BCF0-8C2641BED3CD}.Release|Any CPU.Build.0 = Release|Any CPU
		{F3AFBC05-B090-4BC5-A56F-6CEA68E13F78}.Debug|Any CPU.ActiveCfg = Debug|Any CPU
		{F3AFBC05-B090-4BC5-A56F-6CEA68E13F78}.Debug|Any CPU.Build.0 = Debug|Any CPU
		{F3AFBC05-B090-4BC5-A56F-6CEA68E13F78}.Release|Any CPU.ActiveCfg = Release|Any CPU
		{F3AFBC05-B090-4BC5-A56F-6CEA68E13F78}.Release|Any CPU.Build.0 = Release|Any CPU
		{A2EC77C8-9458-4C39-BC2B-B65F88E46D88}.Debug|Any CPU.ActiveCfg = Debug|Any CPU
		{A2EC77C8-9458-4C39-BC2B-B65F88E46D88}.Debug|Any CPU.Build.0 = Debug|Any CPU
		{A2EC77C8-9458-4C39-BC2B-B65F88E46D88}.Release|Any CPU.ActiveCfg = Release|Any CPU
		{A2EC77C8-9458-4C39-BC2B-B65F88E46D88}.Release|Any CPU.Build.0 = Release|Any CPU
		{1EA28AB7-6E58-4D1E-9445-289B6B36778B}.Debug|Any CPU.ActiveCfg = Debug|Any CPU
		{1EA28AB7-6E58-4D1E-9445-289B6B36778B}.Debug|Any CPU.Build.0 = Debug|Any CPU
		{1EA28AB7-6E58-4D1E-9445-289B6B36778B}.Release|Any CPU.ActiveCfg = Release|Any CPU
		{1EA28AB7-6E58-4D1E-9445-289B6B36778B}.Release|Any CPU.Build.0 = Release|Any CPU
		{EC6C1893-49DF-4425-87F7-CD6D0D545C74}.Debug|Any CPU.ActiveCfg = Debug|Any CPU
		{EC6C1893-49DF-4425-87F7-CD6D0D545C74}.Debug|Any CPU.Build.0 = Debug|Any CPU
		{EC6C1893-49DF-4425-87F7-CD6D0D545C74}.Release|Any CPU.ActiveCfg = Release|Any CPU
		{EC6C1893-49DF-4425-87F7-CD6D0D545C74}.Release|Any CPU.Build.0 = Release|Any CPU
		{6ACA8335-CF75-4756-99A3-A66219B64A71}.Debug|Any CPU.ActiveCfg = Debug|Any CPU
		{6ACA8335-CF75-4756-99A3-A66219B64A71}.Debug|Any CPU.Build.0 = Debug|Any CPU
		{6ACA8335-CF75-4756-99A3-A66219B64A71}.Release|Any CPU.ActiveCfg = Release|Any CPU
		{6ACA8335-CF75-4756-99A3-A66219B64A71}.Release|Any CPU.Build.0 = Release|Any CPU
		{C497A91A-229B-4297-AEE2-0035483B5CFB}.Debug|Any CPU.ActiveCfg = Debug|Any CPU
		{C497A91A-229B-4297-AEE2-0035483B5CFB}.Debug|Any CPU.Build.0 = Debug|Any CPU
		{C497A91A-229B-4297-AEE2-0035483B5CFB}.Release|Any CPU.ActiveCfg = Release|Any CPU
		{C497A91A-229B-4297-AEE2-0035483B5CFB}.Release|Any CPU.Build.0 = Release|Any CPU
		{C2A12991-5D8A-4F15-9297-4DBA6D1882D2}.Debug|Any CPU.ActiveCfg = Debug|Any CPU
		{C2A12991-5D8A-4F15-9297-4DBA6D1882D2}.Debug|Any CPU.Build.0 = Debug|Any CPU
		{C2A12991-5D8A-4F15-9297-4DBA6D1882D2}.Release|Any CPU.ActiveCfg = Release|Any CPU
		{C2A12991-5D8A-4F15-9297-4DBA6D1882D2}.Release|Any CPU.Build.0 = Release|Any CPU
	EndGlobalSection
	GlobalSection(SolutionProperties) = preSolution
		HideSolutionNode = FALSE
	EndGlobalSection
	GlobalSection(NestedProjects) = preSolution
		{4493EBD3-433B-4DCC-9DFE-A4F75A65569F} = {0C4F1396-F4F6-424F-88F8-3D63A33E8F1F}
		{F97F528A-F042-4C48-BEC7-864D3446D39D} = {0C4F1396-F4F6-424F-88F8-3D63A33E8F1F}
		{6912A0D5-63E9-48E2-8A80-11502E64ECC0} = {0C4F1396-F4F6-424F-88F8-3D63A33E8F1F}
		{9CBA9AA2-72F0-4593-A83D-EF9B2D531BE2} = {0C4F1396-F4F6-424F-88F8-3D63A33E8F1F}
		{07D12212-ED20-46BD-A705-92C59A6CD586} = {0C4F1396-F4F6-424F-88F8-3D63A33E8F1F}
		{EAC9C93A-DBAE-4776-971D-A7FD1C48317D} = {0C4F1396-F4F6-424F-88F8-3D63A33E8F1F}
		{883C6629-0ADB-4C53-807F-8A3EF8A5357A} = {0C4F1396-F4F6-424F-88F8-3D63A33E8F1F}
		{01011655-BA3A-47AB-8D71-6E61C22541A8} = {0C4F1396-F4F6-424F-88F8-3D63A33E8F1F}
		{EC4318F5-E7D6-479D-9EE6-D240BC45B083} = {0C4F1396-F4F6-424F-88F8-3D63A33E8F1F}
		{F67C0647-39D3-484E-B273-A7C14F6BA276} = {0C4F1396-F4F6-424F-88F8-3D63A33E8F1F}
		{B0001B8F-5D2B-44F3-94F6-E1BB471ABC22} = {72DC1BF9-DCE3-4E6B-A8E1-5AE6F7796464}
		{9D2BD30B-D8F4-4BEC-9971-223F4461843C} = {0C4F1396-F4F6-424F-88F8-3D63A33E8F1F}
		{00933968-AEA5-466D-BCF0-8C2641BED3CD} = {72DC1BF9-DCE3-4E6B-A8E1-5AE6F7796464}
		{F3AFBC05-B090-4BC5-A56F-6CEA68E13F78} = {72DC1BF9-DCE3-4E6B-A8E1-5AE6F7796464}
		{A2EC77C8-9458-4C39-BC2B-B65F88E46D88} = {72DC1BF9-DCE3-4E6B-A8E1-5AE6F7796464}
		{1EA28AB7-6E58-4D1E-9445-289B6B36778B} = {72DC1BF9-DCE3-4E6B-A8E1-5AE6F7796464}
		{EC6C1893-49DF-4425-87F7-CD6D0D545C74} = {72DC1BF9-DCE3-4E6B-A8E1-5AE6F7796464}
		{6ACA8335-CF75-4756-99A3-A66219B64A71} = {72DC1BF9-DCE3-4E6B-A8E1-5AE6F7796464}
		{C497A91A-229B-4297-AEE2-0035483B5CFB} = {72DC1BF9-DCE3-4E6B-A8E1-5AE6F7796464}
		{C2A12991-5D8A-4F15-9297-4DBA6D1882D2} = {72DC1BF9-DCE3-4E6B-A8E1-5AE6F7796464}
	EndGlobalSection
	GlobalSection(ExtensibilityGlobals) = postSolution
		SolutionGuid = {88F8479B-2EFD-46AC-9238-5058031F788D}
	EndGlobalSection
EndGlobal
